# This file is automatically @generated by Cargo.
# It is not intended for manual editing.
version = 3

[[package]]
name = "perm_rs"
version = "0.1.0"
dependencies = [
 "permutation-rs",
]

[[package]]
name = "permutation-rs"
version = "3.0.0"
source = "registry+https://github.com/rust-lang/crates.io-index"
checksum = "722fe73b3bd131a2fef3f2dbf8167093e97a1fb40c2e6f5a62be90655d1079d4"
